
Microsoft Visual Studio Solution File, Format Version 12.00
# Visual Studio Version 17
VisualStudioVersion = 17.5.002.0
MinimumVisualStudioVersion = 10.0.40219.1
Project("{9A19103F-16F7-4668-BE54-9A1E7A4F7556}") = "Experimental", "Experimental\Experimental.csproj", "{475747FF-A5BC-4C28-8914-F7A7F2AC1E5C}"
EndProject
Project("{9A19103F-16F7-4668-BE54-9A1E7A4F7556}") = "CloudWatch", "CloudWatch\CloudWatch.csproj", "{95B434D6-672C-4615-9FAA-B7A6FA320E61}"
EndProject
Project("{9A19103F-16F7-4668-BE54-9A1E7A4F7556}") = "ElastiCacheApp", "ElastiCacheApp\ElastiCacheApp.csproj", "{F49CBFD6-6F24-48E7-9CA2-AEB17EBAFA34}"
EndProject
Project("{9A19103F-16F7-4668-BE54-9A1E7A4F7556}") = "DynamoDB", "DynamoDB\DynamoDB.csproj", "{FF7A3053-7E37-438F-B7AA-64DE47D8530F}"
EndProject
Project("{9A19103F-16F7-4668-BE54-9A1E7A4F7556}") = "Timestream", "Timestream\Timestream.csproj", "{1C71D488-B7F6-410E-B1DD-6B8C48CF4F26}"
EndProject
Project("{9A19103F-16F7-4668-BE54-9A1E7A4F7556}") = "AthenaApp", "AthenaApp\AthenaApp.csproj", "{60985B22-071F-4A0B-A858-B65CECF20A63}"
EndProject
Project("{2150E333-8FDC-42A3-9474-1A3956D46DE8}") = "Lambda-Functions", "Lambda-Functions", "{FC381938-47B0-40FC-9B49-272E1F5062B5}"
EndProject
Project("{9A19103F-16F7-4668-BE54-9A1E7A4F7556}") = "InvocationPayloadFix", "Lambda-Functions\InvocationPayloadFix\InvocationPayloadFix.csproj", "{A6E2E402-5530-4C2A-99FF-3EA78CA2D83B}"
EndProject
Project("{2150E333-8FDC-42A3-9474-1A3956D46DE8}") = "Serverless", "Serverless", "{3FC88C22-5C07-4765-AF8E-84712546FDE2}"
EndProject
Project("{9A19103F-16F7-4668-BE54-9A1E7A4F7556}") = "SampleMigration", "Serverless\SampleMigration\SampleMigration.csproj", "{97686878-C20B-4255-B41A-2C63263632BF}"
EndProject
Project("{9A19103F-16F7-4668-BE54-9A1E7A4F7556}") = "TimeZoneService", "Serverless\TimeZoneService\TimeZoneService.csproj", "{7556DEB0-599A-4B0D-99B9-581ADC8C6C49}"
EndProject
Project("{2150E333-8FDC-42A3-9474-1A3956D46DE8}") = "RDS", "RDS", "{3B4A37C2-07A2-4A97-A2CD-C4377822940D}"
EndProject
Project("{9A19103F-16F7-4668-BE54-9A1E7A4F7556}") = "Aurora-PostgreSQL", "RDS\Aurora-PostgreSQL\Aurora-PostgreSQL.csproj", "{00640C08-3C4C-4333-944F-74E7A47C596B}"
EndProject
Project("{2150E333-8FDC-42A3-9474-1A3956D46DE8}") = "SnsProcessor", "SnsProcessor", "{3C5A6EFF-E1A6-4CF4-AB97-287A660E314F}"
EndProject
Project("{2150E333-8FDC-42A3-9474-1A3956D46DE8}") = "test", "test", "{69CC6226-841B-4CE0-9483-CF3BF46FEE6D}"
EndProject
Project("{9A19103F-16F7-4668-BE54-9A1E7A4F7556}") = "SnsProcessor.Tests", "Lambda-Functions\SnsProcessor\test\SnsProcessor.Tests\SnsProcessor.Tests.csproj", "{6D99F5DC-798F-4170-A3FF-0278C0E1B853}"
EndProject
Project("{2150E333-8FDC-42A3-9474-1A3956D46DE8}") = "src", "src", "{94DE56A9-132E-420C-A0BB-64FFE357394F}"
EndProject
Project("{9A19103F-16F7-4668-BE54-9A1E7A4F7556}") = "SnsProcessor", "Lambda-Functions\SnsProcessor\src\SnsProcessor\SnsProcessor.csproj", "{BD274E02-54D2-44D6-ACD3-433A3224DD97}"
EndProject
Project("{2150E333-8FDC-42A3-9474-1A3956D46DE8}") = "S3Operations", "S3Operations", "{C85822E6-572C-46D3-92DA-259BCEEEE987}"
EndProject
Project("{2150E333-8FDC-42A3-9474-1A3956D46DE8}") = "test", "test", "{745B1101-2E8A-44ED-B0D7-79A5F316C118}"
EndProject
Project("{9A19103F-16F7-4668-BE54-9A1E7A4F7556}") = "S3Operations.Tests", "Lambda-Functions\S3Operations\test\S3Operations.Tests\S3Operations.Tests.csproj", "{CB8B65C6-B7A5-4572-8014-35BAE0D61640}"
EndProject
Project("{2150E333-8FDC-42A3-9474-1A3956D46DE8}") = "src", "src", "{2ACDA7DD-7C3C-4863-8219-AEB11946E81E}"
EndProject
Project("{9A19103F-16F7-4668-BE54-9A1E7A4F7556}") = "S3Operations", "Lambda-Functions\S3Operations\src\S3Operations\S3Operations.csproj", "{795F499D-3CE1-48CA-B727-F50E9B20A4C1}"
EndProject
Project("{2150E333-8FDC-42A3-9474-1A3956D46DE8}") = "HelloAspNetCoreWebApi", "HelloAspNetCoreWebApi", "{91C683FC-3CB3-4A32-B549-60AB79FAA745}"
EndProject
Project("{2150E333-8FDC-42A3-9474-1A3956D46DE8}") = "test", "test", "{FC3D79CE-DA12-4284-9DE6-1C9E772443C5}"
EndProject
Project("{9A19103F-16F7-4668-BE54-9A1E7A4F7556}") = "HelloAspNetCoreWebApi.Tests", "Serverless\HelloAspNetCoreWebApi\test\HelloAspNetCoreWebApi.Tests\HelloAspNetCoreWebApi.Tests.csproj", "{AACE879A-3221-42BB-A1D7-4490F21873CB}"
EndProject
Project("{2150E333-8FDC-42A3-9474-1A3956D46DE8}") = "src", "src", "{486D31D3-35F0-4FEA-B50F-032B66F98754}"
EndProject
Project("{9A19103F-16F7-4668-BE54-9A1E7A4F7556}") = "HelloAspNetCoreWebApi", "Serverless\HelloAspNetCoreWebApi\src\HelloAspNetCoreWebApi\HelloAspNetCoreWebApi.csproj", "{F05E92CD-F8FB-474B-90F7-E9F921E3E3CE}"
EndProject
Global
	GlobalSection(SolutionConfigurationPlatforms) = preSolution
		Debug|Any CPU = Debug|Any CPU
		Release|Any CPU = Release|Any CPU
	EndGlobalSection
	GlobalSection(ProjectConfigurationPlatforms) = postSolution
		{475747FF-A5BC-4C28-8914-F7A7F2AC1E5C}.Debug|Any CPU.ActiveCfg = Debug|Any CPU
		{475747FF-A5BC-4C28-8914-F7A7F2AC1E5C}.Debug|Any CPU.Build.0 = Debug|Any CPU
		{475747FF-A5BC-4C28-8914-F7A7F2AC1E5C}.Release|Any CPU.ActiveCfg = Release|Any CPU
		{475747FF-A5BC-4C28-8914-F7A7F2AC1E5C}.Release|Any CPU.Build.0 = Release|Any CPU
		{95B434D6-672C-4615-9FAA-B7A6FA320E61}.Debug|Any CPU.ActiveCfg = Debug|Any CPU
		{95B434D6-672C-4615-9FAA-B7A6FA320E61}.Debug|Any CPU.Build.0 = Debug|Any CPU
		{95B434D6-672C-4615-9FAA-B7A6FA320E61}.Release|Any CPU.ActiveCfg = Release|Any CPU
		{95B434D6-672C-4615-9FAA-B7A6FA320E61}.Release|Any CPU.Build.0 = Release|Any CPU
		{F49CBFD6-6F24-48E7-9CA2-AEB17EBAFA34}.Debug|Any CPU.ActiveCfg = Debug|Any CPU
		{F49CBFD6-6F24-48E7-9CA2-AEB17EBAFA34}.Debug|Any CPU.Build.0 = Debug|Any CPU
		{F49CBFD6-6F24-48E7-9CA2-AEB17EBAFA34}.Release|Any CPU.ActiveCfg = Release|Any CPU
		{F49CBFD6-6F24-48E7-9CA2-AEB17EBAFA34}.Release|Any CPU.Build.0 = Release|Any CPU
		{FF7A3053-7E37-438F-B7AA-64DE47D8530F}.Debug|Any CPU.ActiveCfg = Debug|Any CPU
		{FF7A3053-7E37-438F-B7AA-64DE47D8530F}.Debug|Any CPU.Build.0 = Debug|Any CPU
		{FF7A3053-7E37-438F-B7AA-64DE47D8530F}.Release|Any CPU.ActiveCfg = Release|Any CPU
		{FF7A3053-7E37-438F-B7AA-64DE47D8530F}.Release|Any CPU.Build.0 = Release|Any CPU
		{1C71D488-B7F6-410E-B1DD-6B8C48CF4F26}.Debug|Any CPU.ActiveCfg = Debug|Any CPU
		{1C71D488-B7F6-410E-B1DD-6B8C48CF4F26}.Debug|Any CPU.Build.0 = Debug|Any CPU
		{1C71D488-B7F6-410E-B1DD-6B8C48CF4F26}.Release|Any CPU.ActiveCfg = Release|Any CPU
		{1C71D488-B7F6-410E-B1DD-6B8C48CF4F26}.Release|Any CPU.Build.0 = Release|Any CPU
		{60985B22-071F-4A0B-A858-B65CECF20A63}.Debug|Any CPU.ActiveCfg = Debug|Any CPU
		{60985B22-071F-4A0B-A858-B65CECF20A63}.Debug|Any CPU.Build.0 = Debug|Any CPU
		{60985B22-071F-4A0B-A858-B65CECF20A63}.Release|Any CPU.ActiveCfg = Release|Any CPU
		{60985B22-071F-4A0B-A858-B65CECF20A63}.Release|Any CPU.Build.0 = Release|Any CPU
		{A6E2E402-5530-4C2A-99FF-3EA78CA2D83B}.Debug|Any CPU.ActiveCfg = Debug|Any CPU
		{A6E2E402-5530-4C2A-99FF-3EA78CA2D83B}.Debug|Any CPU.Build.0 = Debug|Any CPU
		{A6E2E402-5530-4C2A-99FF-3EA78CA2D83B}.Release|Any CPU.ActiveCfg = Release|Any CPU
		{A6E2E402-5530-4C2A-99FF-3EA78CA2D83B}.Release|Any CPU.Build.0 = Release|Any CPU
		{97686878-C20B-4255-B41A-2C63263632BF}.Debug|Any CPU.ActiveCfg = Debug|Any CPU
		{97686878-C20B-4255-B41A-2C63263632BF}.Debug|Any CPU.Build.0 = Debug|Any CPU
		{97686878-C20B-4255-B41A-2C63263632BF}.Release|Any CPU.ActiveCfg = Release|Any CPU
		{97686878-C20B-4255-B41A-2C63263632BF}.Release|Any CPU.Build.0 = Release|Any CPU
		{7556DEB0-599A-4B0D-99B9-581ADC8C6C49}.Debug|Any CPU.ActiveCfg = Debug|Any CPU
		{7556DEB0-599A-4B0D-99B9-581ADC8C6C49}.Debug|Any CPU.Build.0 = Debug|Any CPU
		{7556DEB0-599A-4B0D-99B9-581ADC8C6C49}.Release|Any CPU.ActiveCfg = Release|Any CPU
		{7556DEB0-599A-4B0D-99B9-581ADC8C6C49}.Release|Any CPU.Build.0 = Release|Any CPU
		{00640C08-3C4C-4333-944F-74E7A47C596B}.Debug|Any CPU.ActiveCfg = Debug|Any CPU
		{00640C08-3C4C-4333-944F-74E7A47C596B}.Debug|Any CPU.Build.0 = Debug|Any CPU
		{00640C08-3C4C-4333-944F-74E7A47C596B}.Release|Any CPU.ActiveCfg = Release|Any CPU
		{00640C08-3C4C-4333-944F-74E7A47C596B}.Release|Any CPU.Build.0 = Release|Any CPU
		{6D99F5DC-798F-4170-A3FF-0278C0E1B853}.Debug|Any CPU.ActiveCfg = Debug|Any CPU
		{6D99F5DC-798F-4170-A3FF-0278C0E1B853}.Debug|Any CPU.Build.0 = Debug|Any CPU
		{6D99F5DC-798F-4170-A3FF-0278C0E1B853}.Release|Any CPU.ActiveCfg = Release|Any CPU
		{6D99F5DC-798F-4170-A3FF-0278C0E1B853}.Release|Any CPU.Build.0 = Release|Any CPU
		{BD274E02-54D2-44D6-ACD3-433A3224DD97}.Debug|Any CPU.ActiveCfg = Debug|Any CPU
		{BD274E02-54D2-44D6-ACD3-433A3224DD97}.Debug|Any CPU.Build.0 = Debug|Any CPU
		{BD274E02-54D2-44D6-ACD3-433A3224DD97}.Release|Any CPU.ActiveCfg = Release|Any CPU
		{BD274E02-54D2-44D6-ACD3-433A3224DD97}.Release|Any CPU.Build.0 = Release|Any CPU
		{CB8B65C6-B7A5-4572-8014-35BAE0D61640}.Debug|Any CPU.ActiveCfg = Debug|Any CPU
		{CB8B65C6-B7A5-4572-8014-35BAE0D61640}.Debug|Any CPU.Build.0 = Debug|Any CPU
		{CB8B65C6-B7A5-4572-8014-35BAE0D61640}.Release|Any CPU.ActiveCfg = Release|Any CPU
		{CB8B65C6-B7A5-4572-8014-35BAE0D61640}.Release|Any CPU.Build.0 = Release|Any CPU
		{795F499D-3CE1-48CA-B727-F50E9B20A4C1}.Debug|Any CPU.ActiveCfg = Debug|Any CPU
		{795F499D-3CE1-48CA-B727-F50E9B20A4C1}.Debug|Any CPU.Build.0 = Debug|Any CPU
		{795F499D-3CE1-48CA-B727-F50E9B20A4C1}.Release|Any CPU.ActiveCfg = Release|Any CPU
		{795F499D-3CE1-48CA-B727-F50E9B20A4C1}.Release|Any CPU.Build.0 = Release|Any CPU
		{AACE879A-3221-42BB-A1D7-4490F21873CB}.Debug|Any CPU.ActiveCfg = Debug|Any CPU
		{AACE879A-3221-42BB-A1D7-4490F21873CB}.Debug|Any CPU.Build.0 = Debug|Any CPU
		{AACE879A-3221-42BB-A1D7-4490F21873CB}.Release|Any CPU.ActiveCfg = Release|Any CPU
		{AACE879A-3221-42BB-A1D7-4490F21873CB}.Release|Any CPU.Build.0 = Release|Any CPU
		{F05E92CD-F8FB-474B-90F7-E9F921E3E3CE}.Debug|Any CPU.ActiveCfg = Debug|Any CPU
		{F05E92CD-F8FB-474B-90F7-E9F921E3E3CE}.Debug|Any CPU.Build.0 = Debug|Any CPU
		{F05E92CD-F8FB-474B-90F7-E9F921E3E3CE}.Release|Any CPU.ActiveCfg = Release|Any CPU
		{F05E92CD-F8FB-474B-90F7-E9F921E3E3CE}.Release|Any CPU.Build.0 = Release|Any CPU
	EndGlobalSection
	GlobalSection(SolutionProperties) = preSolution
		HideSolutionNode = FALSE
	EndGlobalSection
	GlobalSection(NestedProjects) = preSolution
		{A6E2E402-5530-4C2A-99FF-3EA78CA2D83B} = {FC381938-47B0-40FC-9B49-272E1F5062B5}
		{97686878-C20B-4255-B41A-2C63263632BF} = {3FC88C22-5C07-4765-AF8E-84712546FDE2}
		{7556DEB0-599A-4B0D-99B9-581ADC8C6C49} = {3FC88C22-5C07-4765-AF8E-84712546FDE2}
		{00640C08-3C4C-4333-944F-74E7A47C596B} = {3B4A37C2-07A2-4A97-A2CD-C4377822940D}
		{3C5A6EFF-E1A6-4CF4-AB97-287A660E314F} = {FC381938-47B0-40FC-9B49-272E1F5062B5}
		{69CC6226-841B-4CE0-9483-CF3BF46FEE6D} = {3C5A6EFF-E1A6-4CF4-AB97-287A660E314F}
		{6D99F5DC-798F-4170-A3FF-0278C0E1B853} = {69CC6226-841B-4CE0-9483-CF3BF46FEE6D}
		{94DE56A9-132E-420C-A0BB-64FFE357394F} = {3C5A6EFF-E1A6-4CF4-AB97-287A660E314F}
		{BD274E02-54D2-44D6-ACD3-433A3224DD97} = {94DE56A9-132E-420C-A0BB-64FFE357394F}
		{C85822E6-572C-46D3-92DA-259BCEEEE987} = {FC381938-47B0-40FC-9B49-272E1F5062B5}
		{745B1101-2E8A-44ED-B0D7-79A5F316C118} = {C85822E6-572C-46D3-92DA-259BCEEEE987}
		{CB8B65C6-B7A5-4572-8014-35BAE0D61640} = {745B1101-2E8A-44ED-B0D7-79A5F316C118}
		{2ACDA7DD-7C3C-4863-8219-AEB11946E81E} = {C85822E6-572C-46D3-92DA-259BCEEEE987}
		{795F499D-3CE1-48CA-B727-F50E9B20A4C1} = {2ACDA7DD-7C3C-4863-8219-AEB11946E81E}
		{91C683FC-3CB3-4A32-B549-60AB79FAA745} = {3FC88C22-5C07-4765-AF8E-84712546FDE2}
		{FC3D79CE-DA12-4284-9DE6-1C9E772443C5} = {91C683FC-3CB3-4A32-B549-60AB79FAA745}
		{AACE879A-3221-42BB-A1D7-4490F21873CB} = {FC3D79CE-DA12-4284-9DE6-1C9E772443C5}
		{486D31D3-35F0-4FEA-B50F-032B66F98754} = {91C683FC-3CB3-4A32-B549-60AB79FAA745}
		{F05E92CD-F8FB-474B-90F7-E9F921E3E3CE} = {486D31D3-35F0-4FEA-B50F-032B66F98754}
	EndGlobalSection
	GlobalSection(ExtensibilityGlobals) = postSolution
		SolutionGuid = {375DF50E-ED50-4E18-9E3C-46E7465250D0}
	EndGlobalSection
EndGlobal
